
Microsoft Visual Studio Solution File, Format Version 12.00
# Visual Studio Version 17
VisualStudioVersion = 17.0.32014.148
MinimumVisualStudioVersion = 10.0.40219.1
Project("{FAE04EC0-301F-11D3-BF4B-00C04F79EFBC}") = "TestePleno", "TestePleno\TestePleno.csproj", "{B016B893-7B90-48B3-BE7D-EFF006D80D94}"
EndProject
Global
	GlobalSection(SolutionConfigurationPlatforms) = preSolution
		Debug|Any CPU = Debug|Any CPU
		Release|Any CPU = Release|Any CPU
	EndGlobalSection
	GlobalSection(ProjectConfigurationPlatforms) = postSolution
		{B016B893-7B90-48B3-BE7D-EFF006D80D94}.Debug|Any CPU.ActiveCfg = Debug|Any CPU
		{B016B893-7B90-48B3-BE7D-EFF006D80D94}.Debug|Any CPU.Build.0 = Debug|Any CPU
		{B016B893-7B90-48B3-BE7D-EFF006D80D94}.Release|Any CPU.ActiveCfg = Release|Any CPU
		{B016B893-7B90-48B3-BE7D-EFF006D80D94}.Release|Any CPU.Build.0 = Release|Any CPU
	EndGlobalSection
	GlobalSection(SolutionProperties) = preSolution
		HideSolutionNode = FALSE
	EndGlobalSection
	GlobalSection(ExtensibilityGlobals) = postSolution
		SolutionGuid = {62CFE80F-3C00-4C95-8597-02470666FA8C}
	EndGlobalSection
EndGlobal
